
Microsoft Visual Studio Solution File, Format Version 12.00
# Visual Studio Version 17
VisualStudioVersion = 17.8.34408.163
MinimumVisualStudioVersion = 10.0.40219.1
Project("{FAE04EC0-301F-11D3-BF4B-00C04F79EFBC}") = "LCP0122", "LCP0122\LCP0122.csproj", "{E19938A3-6FB2-4C03-A2BE-1BCF55C703D7}"
EndProject
Global
	GlobalSection(SolutionConfigurationPlatforms) = preSolution
		Debug|Any CPU = Debug|Any CPU
		Release|Any CPU = Release|Any CPU
	EndGlobalSection
	GlobalSection(ProjectConfigurationPlatforms) = postSolution
		{E19938A3-6FB2-4C03-A2BE-1BCF55C703D7}.Debug|Any CPU.ActiveCfg = Debug|Any CPU
		{E19938A3-6FB2-4C03-A2BE-1BCF55C703D7}.Debug|Any CPU.Build.0 = Debug|Any CPU
		{E19938A3-6FB2-4C03-A2BE-1BCF55C703D7}.Release|Any CPU.ActiveCfg = Release|Any CPU
		{E19938A3-6FB2-4C03-A2BE-1BCF55C703D7}.Release|Any CPU.Build.0 = Release|Any CPU
	EndGlobalSection
	GlobalSection(SolutionProperties) = preSolution
		HideSolutionNode = FALSE
	EndGlobalSection
	GlobalSection(ExtensibilityGlobals) = postSolution
		SolutionGuid = {7353A93B-79B9-44B2-856D-5F2FC62F42FD}
	EndGlobalSection
EndGlobal
